Microsoft Visual Studio Solution File, Format Version 12.00
# Visual Studio Version 17
VisualStudioVersion = 17.0.31903.59
MinimumVisualStudioVersion = 10.0.40219.1
Project("{BC8A1FFA-BEE3-4634-8014-F334798102B3}") = "ChatpadFilter", "src\driver\ChatpadFilter\ChatpadFilter.vcxproj", "{6DE3D9A1-571A-47F0-AEAD-8FD2D1708A0B}"
EndProject
Project("{BC8A1FFA-BEE3-4634-8014-F334798102B3}") = "ChatpadProtocol", "src\protocol\ChatpadProtocol\ChatpadProtocol.vcxproj", "{A1B2C3D4-E5F6-4789-ABCD-EF0123456789}"
EndProject
Project("{BC8A1FFA-BEE3-4634-8014-F334798102B3}") = "ChatpadTransport", "src\transport\ChatpadTransport\ChatpadTransport.vcxproj", "{D4E5F6A7-B8C9-4012-DEF0-123456789012}"
EndProject
Project("{BC8A1FFA-BEE3-4634-8014-F334798102B3}") = "ChatpadRequestOwnerModel", "src\transport\ChatpadRequestOwnerModel\ChatpadRequestOwnerModel.vcxproj", "{8A4F7261-6C7E-4C17-A82F-16D8850C5329}"
EndProject
Project("{BC8A1FFA-BEE3-4634-8014-F334798102B3}") = "ChatpadProtocolTests", "tests\protocol\ChatpadProtocolTests.vcxproj", "{B2C3D4E5-F6A7-4890-BCDE-F01234567890}"
EndProject
Project("{BC8A1FFA-BEE3-4634-8014-F334798102B3}") = "ChatpadTransportTests", "tests\transport\ChatpadTransportTests.vcxproj", "{E5F6A7B8-C9D0-4123-EF01-234567890123}"
EndProject
Project("{BC8A1FFA-BEE3-4634-8014-F334798102B3}") = "ChatpadRequestOwnerModelTests", "tests\transport\ChatpadRequestOwnerModelTests\ChatpadRequestOwnerModelTests.vcxproj", "{B5E6A2C4-234C-4F22-9A1A-CC9D8DA5C8F1}"
EndProject
Project("{BC8A1FFA-BEE3-4634-8014-F334798102B3}") = "ChatpadFilterLifecycleTests", "tests\driver\ChatpadFilterLifecycleTests\ChatpadFilterLifecycleTests.vcxproj", "{F6A7B8C9-D0E1-4234-F012-345678901234}"
EndProject
Project("{BC8A1FFA-BEE3-4634-8014-F334798102B3}") = "ChatpadProtocolKernelCompileCheck", "tests\kernel\ChatpadProtocolKernelCompileCheck\ChatpadProtocolKernelCompileCheck.vcxproj", "{C3D4E5F6-A7B8-4901-CDEF-012345678901}"
EndProject
Project("{BC8A1FFA-BEE3-4634-8014-F334798102B3}") = "ChatpadControlSetup", "src\transport\ChatpadControlSetup\ChatpadControlSetup.vcxproj", "{07F9D93B-6B52-4DEB-BDE1-45CF0FBC558C}"
EndProject
Project("{BC8A1FFA-BEE3-4634-8014-F334798102B3}") = "ChatpadControlSetupTests", "tests\transport\ChatpadControlSetupTests\ChatpadControlSetupTests.vcxproj", "{C11B760F-9F47-4D35-8C9E-B35FC14DA2EC}"
EndProject
Project("{BC8A1FFA-BEE3-4634-8014-F334798102B3}") = "ChatpadWdfControlSetup", "src\transport\ChatpadWdfControlSetup\ChatpadWdfControlSetup.vcxproj", "{A867AB9E-314C-4C68-8E86-7FB2C587D7A4}"
EndProject
Project("{BC8A1FFA-BEE3-4634-8014-F334798102B3}") = "ChatpadWdfControlSetupCompileCheck", "tests\kernel\ChatpadWdfControlSetupCompileCheck\ChatpadWdfControlSetupCompileCheck.vcxproj", "{BF34E671-2970-4389-9460-449D6988525E}"
EndProject
Project("{BC8A1FFA-BEE3-4634-8014-F334798102B3}") = "ChatpadKmdfRequestOwnerContext", "src\driver\ChatpadKmdfRequestOwnerContext\ChatpadKmdfRequestOwnerContext.vcxproj", "{421C7E3A-5B02-4D07-A37D-4B45D3755694}"
EndProject
Project("{BC8A1FFA-BEE3-4634-8014-F334798102B3}") = "ChatpadKmdfRequestOwnerContextCompileCheck", "tests\kernel\ChatpadKmdfRequestOwnerContextCompileCheck\ChatpadKmdfRequestOwnerContextCompileCheck.vcxproj", "{8C59C45A-3A31-47F3-9D6F-A898D3B2051C}"
EndProject
Project("{BC8A1FFA-BEE3-4634-8014-F334798102B3}") = "ChatpadControl", "src\control\ChatpadControl\ChatpadControl.vcxproj", "{9F1DD839-8E41-42C4-B766-A57A6D66E896}"
EndProject
Project("{BC8A1FFA-BEE3-4634-8014-F334798102B3}") = "ChatpadControlTests", "tests\control\ChatpadControlTests\ChatpadControlTests.vcxproj", "{71366E40-F67A-4E11-9DE0-26E41B7BC4B6}"
EndProject
Global
	GlobalSection(SolutionConfigurationPlatforms) = preSolution
		Debug|x64 = Debug|x64
		Release|x64 = Release|x64
	EndGlobalSection
	GlobalSection(ProjectConfigurationPlatforms) = postSolution
		{6DE3D9A1-571A-47F0-AEAD-8FD2D1708A0B}.Debug|x64.ActiveCfg = Debug|x64
		{6DE3D9A1-571A-47F0-AEAD-8FD2D1708A0B}.Debug|x64.Build.0 = Debug|x64
		{6DE3D9A1-571A-47F0-AEAD-8FD2D1708A0B}.Release|x64.ActiveCfg = Release|x64
		{6DE3D9A1-571A-47F0-AEAD-8FD2D1708A0B}.Release|x64.Build.0 = Release|x64
		{A1B2C3D4-E5F6-4789-ABCD-EF0123456789}.Debug|x64.ActiveCfg = Debug|x64
		{A1B2C3D4-E5F6-4789-ABCD-EF0123456789}.Debug|x64.Build.0 = Debug|x64
		{A1B2C3D4-E5F6-4789-ABCD-EF0123456789}.Release|x64.ActiveCfg = Release|x64
		{A1B2C3D4-E5F6-4789-ABCD-EF0123456789}.Release|x64.Build.0 = Release|x64
		{D4E5F6A7-B8C9-4012-DEF0-123456789012}.Debug|x64.ActiveCfg = Debug|x64
		{D4E5F6A7-B8C9-4012-DEF0-123456789012}.Debug|x64.Build.0 = Debug|x64
		{D4E5F6A7-B8C9-4012-DEF0-123456789012}.Release|x64.ActiveCfg = Release|x64
		{D4E5F6A7-B8C9-4012-DEF0-123456789012}.Release|x64.Build.0 = Release|x64
		{8A4F7261-6C7E-4C17-A82F-16D8850C5329}.Debug|x64.ActiveCfg = Debug|x64
		{8A4F7261-6C7E-4C17-A82F-16D8850C5329}.Debug|x64.Build.0 = Debug|x64
		{8A4F7261-6C7E-4C17-A82F-16D8850C5329}.Release|x64.ActiveCfg = Release|x64
		{8A4F7261-6C7E-4C17-A82F-16D8850C5329}.Release|x64.Build.0 = Release|x64
		{B2C3D4E5-F6A7-4890-BCDE-F01234567890}.Debug|x64.ActiveCfg = Debug|x64
		{B2C3D4E5-F6A7-4890-BCDE-F01234567890}.Debug|x64.Build.0 = Debug|x64
		{B2C3D4E5-F6A7-4890-BCDE-F01234567890}.Release|x64.ActiveCfg = Release|x64
		{B2C3D4E5-F6A7-4890-BCDE-F01234567890}.Release|x64.Build.0 = Release|x64
		{E5F6A7B8-C9D0-4123-EF01-234567890123}.Debug|x64.ActiveCfg = Debug|x64
		{E5F6A7B8-C9D0-4123-EF01-234567890123}.Debug|x64.Build.0 = Debug|x64
		{E5F6A7B8-C9D0-4123-EF01-234567890123}.Release|x64.ActiveCfg = Release|x64
		{E5F6A7B8-C9D0-4123-EF01-234567890123}.Release|x64.Build.0 = Release|x64
		{B5E6A2C4-234C-4F22-9A1A-CC9D8DA5C8F1}.Debug|x64.ActiveCfg = Debug|x64
		{B5E6A2C4-234C-4F22-9A1A-CC9D8DA5C8F1}.Debug|x64.Build.0 = Debug|x64
		{B5E6A2C4-234C-4F22-9A1A-CC9D8DA5C8F1}.Release|x64.ActiveCfg = Release|x64
		{B5E6A2C4-234C-4F22-9A1A-CC9D8DA5C8F1}.Release|x64.Build.0 = Release|x64
		{F6A7B8C9-D0E1-4234-F012-345678901234}.Debug|x64.ActiveCfg = Debug|x64
		{F6A7B8C9-D0E1-4234-F012-345678901234}.Debug|x64.Build.0 = Debug|x64
		{F6A7B8C9-D0E1-4234-F012-345678901234}.Release|x64.ActiveCfg = Release|x64
		{F6A7B8C9-D0E1-4234-F012-345678901234}.Release|x64.Build.0 = Release|x64
		{C3D4E5F6-A7B8-4901-CDEF-012345678901}.Debug|x64.ActiveCfg = Debug|x64
		{C3D4E5F6-A7B8-4901-CDEF-012345678901}.Debug|x64.Build.0 = Debug|x64
		{C3D4E5F6-A7B8-4901-CDEF-012345678901}.Release|x64.ActiveCfg = Release|x64
		{C3D4E5F6-A7B8-4901-CDEF-012345678901}.Release|x64.Build.0 = Release|x64
		{07F9D93B-6B52-4DEB-BDE1-45CF0FBC558C}.Debug|x64.ActiveCfg = Debug|x64
		{07F9D93B-6B52-4DEB-BDE1-45CF0FBC558C}.Debug|x64.Build.0 = Debug|x64
		{07F9D93B-6B52-4DEB-BDE1-45CF0FBC558C}.Release|x64.ActiveCfg = Release|x64
		{07F9D93B-6B52-4DEB-BDE1-45CF0FBC558C}.Release|x64.Build.0 = Release|x64
		{C11B760F-9F47-4D35-8C9E-B35FC14DA2EC}.Debug|x64.ActiveCfg = Debug|x64
		{C11B760F-9F47-4D35-8C9E-B35FC14DA2EC}.Debug|x64.Build.0 = Debug|x64
		{C11B760F-9F47-4D35-8C9E-B35FC14DA2EC}.Release|x64.ActiveCfg = Release|x64
		{C11B760F-9F47-4D35-8C9E-B35FC14DA2EC}.Release|x64.Build.0 = Release|x64
		{A867AB9E-314C-4C68-8E86-7FB2C587D7A4}.Debug|x64.ActiveCfg = Debug|x64
		{A867AB9E-314C-4C68-8E86-7FB2C587D7A4}.Debug|x64.Build.0 = Debug|x64
		{A867AB9E-314C-4C68-8E86-7FB2C587D7A4}.Release|x64.ActiveCfg = Release|x64
		{A867AB9E-314C-4C68-8E86-7FB2C587D7A4}.Release|x64.Build.0 = Release|x64
		{BF34E671-2970-4389-9460-449D6988525E}.Debug|x64.ActiveCfg = Debug|x64
		{BF34E671-2970-4389-9460-449D6988525E}.Debug|x64.Build.0 = Debug|x64
		{BF34E671-2970-4389-9460-449D6988525E}.Release|x64.ActiveCfg = Release|x64
		{BF34E671-2970-4389-9460-449D6988525E}.Release|x64.Build.0 = Release|x64
		{421C7E3A-5B02-4D07-A37D-4B45D3755694}.Debug|x64.ActiveCfg = Debug|x64
		{421C7E3A-5B02-4D07-A37D-4B45D3755694}.Debug|x64.Build.0 = Debug|x64
		{421C7E3A-5B02-4D07-A37D-4B45D3755694}.Release|x64.ActiveCfg = Release|x64
		{421C7E3A-5B02-4D07-A37D-4B45D3755694}.Release|x64.Build.0 = Release|x64
		{8C59C45A-3A31-47F3-9D6F-A898D3B2051C}.Debug|x64.ActiveCfg = Debug|x64
		{8C59C45A-3A31-47F3-9D6F-A898D3B2051C}.Debug|x64.Build.0 = Debug|x64
		{8C59C45A-3A31-47F3-9D6F-A898D3B2051C}.Release|x64.ActiveCfg = Release|x64
		{8C59C45A-3A31-47F3-9D6F-A898D3B2051C}.Release|x64.Build.0 = Release|x64
		{9F1DD839-8E41-42C4-B766-A57A6D66E896}.Debug|x64.ActiveCfg = Debug|x64
		{9F1DD839-8E41-42C4-B766-A57A6D66E896}.Debug|x64.Build.0 = Debug|x64
		{9F1DD839-8E41-42C4-B766-A57A6D66E896}.Release|x64.ActiveCfg = Release|x64
		{9F1DD839-8E41-42C4-B766-A57A6D66E896}.Release|x64.Build.0 = Release|x64
		{71366E40-F67A-4E11-9DE0-26E41B7BC4B6}.Debug|x64.ActiveCfg = Debug|x64
		{71366E40-F67A-4E11-9DE0-26E41B7BC4B6}.Debug|x64.Build.0 = Debug|x64
		{71366E40-F67A-4E11-9DE0-26E41B7BC4B6}.Release|x64.ActiveCfg = Release|x64
		{71366E40-F67A-4E11-9DE0-26E41B7BC4B6}.Release|x64.Build.0 = Release|x64
	EndGlobalSection
	GlobalSection(SolutionProperties) = preSolution
		HideSolutionNode = FALSE
	EndGlobalSection
EndGlobal
